
Microsoft Visual Studio Solution File, Format Version 12.00
# Visual Studio 15
VisualStudioVersion = 15.0.27130.2024
MinimumVisualStudioVersion = 10.0.40219.1
Project("{FAE04EC0-301F-11D3-BF4B-00C04F79EFBC}") = "EthereumDemo.MultiplierApp", "EthereumDemo.MultiplierApp\EthereumDemo.MultiplierApp.csproj", "{D7FBFA38-5D44-4D25-AF8A-B6F1CD4579D5}"
EndProject
Project("{FAE04EC0-301F-11D3-BF4B-00C04F79EFBC}") = "EthereumDemo.OostWallet", "EthereumDemo.OostWallet\EthereumDemo.OostWallet.csproj", "{51CF1E8E-1376-4CDE-8084-9D1952F7EB9D}"
EndProject
Global
	GlobalSection(SolutionConfigurationPlatforms) = preSolution
		Debug|Any CPU = Debug|Any CPU
		Release|Any CPU = Release|Any CPU
	EndGlobalSection
	GlobalSection(ProjectConfigurationPlatforms) = postSolution
		{D7FBFA38-5D44-4D25-AF8A-B6F1CD4579D5}.Debug|Any CPU.ActiveCfg = Debug|Any CPU
		{D7FBFA38-5D44-4D25-AF8A-B6F1CD4579D5}.Debug|Any CPU.Build.0 = Debug|Any CPU
		{D7FBFA38-5D44-4D25-AF8A-B6F1CD4579D5}.Release|Any CPU.ActiveCfg = Release|Any CPU
		{D7FBFA38-5D44-4D25-AF8A-B6F1CD4579D5}.Release|Any CPU.Build.0 = Release|Any CPU
		{51CF1E8E-1376-4CDE-8084-9D1952F7EB9D}.Debug|Any CPU.ActiveCfg = Debug|Any CPU
		{51CF1E8E-1376-4CDE-8084-9D1952F7EB9D}.Debug|Any CPU.Build.0 = Debug|Any CPU
		{51CF1E8E-1376-4CDE-8084-9D1952F7EB9D}.Release|Any CPU.ActiveCfg = Release|Any CPU
		{51CF1E8E-1376-4CDE-8084-9D1952F7EB9D}.Release|Any CPU.Build.0 = Release|Any CPU
	EndGlobalSection
	GlobalSection(SolutionProperties) = preSolution
		HideSolutionNode = FALSE
	EndGlobalSection
	GlobalSection(ExtensibilityGlobals) = postSolution
		SolutionGuid = {2B433B25-ABA7-4DD6-9C5B-E556D710EB4B}
	EndGlobalSection
EndGlobal
